{
  "version": 4,
  "terraform_version": "1.5.3",
  "serial": 12,
  "lineage": "2ee057d4-f382-45f7-d06d-7a26395da21c",
  "outputs": {},
  "resources": [
    {
      "module": "module.vpc",
      "mode": "managed",
      "type": "yandex_vpc_subnet",
      "name": "develop_vpc_subnet",
      "provider": "module.vpc.provider[\"registry.terraform.io/yandex-cloud/yandex\"]",
      "instances": [
        {
          "index_key": "public-ru-central1-a",
          "schema_version": 0,
          "attributes": {
            "created_at": "2023-09-02T17:47:42Z",
            "description": "vpc description",
            "dhcp_options": [],
            "folder_id": "b1gs1llod3ucp43k3e79",
            "id": "e9b78pag6khupqj5jmci",
            "labels": {
              "environment": "test",
              "owner": "pavel",
              "project": "vpc_test"
            },
            "name": "public-ru-central1-a",
            "network_id": "enpem17g3e2lnrsjctjm",
            "route_table_id": "",
            "timeouts": {
              "create": null,
              "delete": null,
              "update": null
            },
            "v4_cidr_blocks": [
              "10.0.1.0/24"
            ],
            "v6_cidr_blocks": [],
            "zone": "ru-central1-a"
          },
          "sensitive_attributes": [],
          "private": "eyJlMmJmYjczMC1lY2FhLTExZTYtOGY4OC0zNDM2M2JjN2M0YzAiOnsiY3JlYXRlIjoxODAwMDAwMDAwMDAsImRlbGV0ZSI6MTgwMDAwMDAwMDAwLCJ1cGRhdGUiOjE4MDAwMDAwMDAwMH0sInNjaGVtYV92ZXJzaW9uIjoiMCJ9"
        }
      ]
    }
  ],
  "check_results": null
}
