{
  "version": 4,
  "terraform_version": "1.5.3",
  "serial": 30,
  "lineage": "2ee057d4-f382-45f7-d06d-7a26395da21c",
  "outputs": {},
  "resources": [
    {
      "module": "module.test-vm",
      "mode": "data",
      "type": "yandex_compute_image",
      "name": "my_image",
      "provider": "provider[\"registry.terraform.io/yandex-cloud/yandex\"]",
      "instances": [
        {
          "schema_version": 0,
          "attributes": {
            "created_at": "2023-09-11T10:53:30Z",
            "description": "ubuntu 20.04 lts",
            "family": "ubuntu-2004-lts",
            "folder_id": "standard-images",
            "id": "fd8d8etig5vu92nh75bm",
            "image_id": "fd8d8etig5vu92nh75bm",
            "labels": {},
            "min_disk_size": 5,
            "name": "ubuntu-20-04-lts-v20230911",
            "os_type": "linux",
            "pooled": true,
            "product_ids": [
              "f2epq85afaotq457t8h8"
            ],
            "size": 4,
            "status": "ready"
          },
          "sensitive_attributes": []
        }
      ]
    },
    {
      "module": "module.test-vm",
      "mode": "managed",
      "type": "yandex_compute_instance",
      "name": "vm",
      "provider": "provider[\"registry.terraform.io/yandex-cloud/yandex\"]",
      "instances": [
        {
          "index_key": 0,
          "schema_version": 1,
          "attributes": {
            "allow_recreate": null,
            "allow_stopping_for_update": true,
            "boot_disk": [
              {
                "auto_delete": true,
                "device_name": "fhmg95ruj4tgb6qant8d",
                "disk_id": "fhmg95ruj4tgb6qant8d",
                "initialize_params": [
                  {
                    "block_size": 4096,
                    "description": "",
                    "image_id": "fd8d8etig5vu92nh75bm",
                    "name": "",
                    "size": 10,
                    "snapshot_id": "",
                    "type": "network-hdd"
                  }
                ],
                "mode": "READ_WRITE"
              }
            ],
            "created_at": "2023-09-11T16:11:42Z",
            "description": "TODO: description; {{terraform managed}}",
            "filesystem": [],
            "folder_id": "b1gs1llod3ucp43k3e79",
            "fqdn": "develop-web-0.ru-central1.internal",
            "gpu_cluster_id": "",
            "hostname": "develop-web-0",
            "id": "fhm4vhtovsjfo6038mr2",
            "labels": {
              "env": "develop",
              "project": "undefined"
            },
            "local_disk": [],
            "metadata": {
              "serial-port-enable": "1"
            },
            "metadata_options": [
              {
                "aws_v1_http_endpoint": 1,
                "aws_v1_http_token": 2,
                "gce_http_endpoint": 1,
                "gce_http_token": 1
              }
            ],
            "name": "develop-web-0",
            "network_acceleration_type": "standard",
            "network_interface": [
              {
                "dns_record": [],
                "index": 0,
                "ip_address": "10.0.1.26",
                "ipv4": true,
                "ipv6": false,
                "ipv6_address": "",
                "ipv6_dns_record": [],
                "mac_address": "d0:0d:4f:c7:b8:ff",
                "nat": true,
                "nat_dns_record": [],
                "nat_ip_address": "158.160.114.134",
                "nat_ip_version": "IPV4",
                "security_group_ids": [],
                "subnet_id": "e9b517miahgrcb2der5l"
              }
            ],
            "placement_policy": [
              {
                "host_affinity_rules": [],
                "placement_group_id": ""
              }
            ],
            "platform_id": "standard-v1",
            "resources": [
              {
                "core_fraction": 5,
                "cores": 2,
                "gpus": 0,
                "memory": 1
              }
            ],
            "scheduling_policy": [
              {
                "preemptible": true
              }
            ],
            "secondary_disk": [],
            "service_account_id": "",
            "status": "running",
            "timeouts": null,
            "zone": "ru-central1-a"
          },
          "sensitive_attributes": [],
          "private": "eyJlMmJmYjczMC1lY2FhLTExZTYtOGY4OC0zNDM2M2JjN2M0YzAiOnsiY3JlYXRlIjozMDAwMDAwMDAwMDAsImRlbGV0ZSI6MzAwMDAwMDAwMDAwLCJ1cGRhdGUiOjMwMDAwMDAwMDAwMH0sInNjaGVtYV92ZXJzaW9uIjoiMSJ9",
          "dependencies": [
            "module.test-vm.data.yandex_compute_image.my_image",
            "module.vpc.yandex_vpc_network.develop",
            "module.vpc.yandex_vpc_subnet.develop"
          ]
        },
        {
          "index_key": 1,
          "schema_version": 1,
          "attributes": {
            "allow_recreate": null,
            "allow_stopping_for_update": true,
            "boot_disk": [
              {
                "auto_delete": true,
                "device_name": "epddjm0fv6719ofkru3q",
                "disk_id": "epddjm0fv6719ofkru3q",
                "initialize_params": [
                  {
                    "block_size": 4096,
                    "description": "",
                    "image_id": "fd8d8etig5vu92nh75bm",
                    "name": "",
                    "size": 10,
                    "snapshot_id": "",
                    "type": "network-hdd"
                  }
                ],
                "mode": "READ_WRITE"
              }
            ],
            "created_at": "2023-09-11T16:11:42Z",
            "description": "TODO: description; {{terraform managed}}",
            "filesystem": [],
            "folder_id": "b1gs1llod3ucp43k3e79",
            "fqdn": "develop-web-1.ru-central1.internal",
            "gpu_cluster_id": "",
            "hostname": "develop-web-1",
            "id": "epdm5237m5vtjhi7dd2h",
            "labels": {
              "env": "develop",
              "project": "undefined"
            },
            "local_disk": [],
            "metadata": {
              "serial-port-enable": "1"
            },
            "metadata_options": [
              {
                "aws_v1_http_endpoint": 1,
                "aws_v1_http_token": 2,
                "gce_http_endpoint": 1,
                "gce_http_token": 1
              }
            ],
            "name": "develop-web-1",
            "network_acceleration_type": "standard",
            "network_interface": [
              {
                "dns_record": [],
                "index": 0,
                "ip_address": "10.0.2.28",
                "ipv4": true,
                "ipv6": false,
                "ipv6_address": "",
                "ipv6_dns_record": [],
                "mac_address": "d0:0d:16:28:86:7b",
                "nat": true,
                "nat_dns_record": [],
                "nat_ip_address": "158.160.78.116",
                "nat_ip_version": "IPV4",
                "security_group_ids": [],
                "subnet_id": "e2l276s2rps8vfcuami1"
              }
            ],
            "placement_policy": [
              {
                "host_affinity_rules": [],
                "placement_group_id": ""
              }
            ],
            "platform_id": "standard-v1",
            "resources": [
              {
                "core_fraction": 5,
                "cores": 2,
                "gpus": 0,
                "memory": 1
              }
            ],
            "scheduling_policy": [
              {
                "preemptible": true
              }
            ],
            "secondary_disk": [],
            "service_account_id": "",
            "status": "running",
            "timeouts": null,
            "zone": "ru-central1-b"
          },
          "sensitive_attributes": [],
          "private": "eyJlMmJmYjczMC1lY2FhLTExZTYtOGY4OC0zNDM2M2JjN2M0YzAiOnsiY3JlYXRlIjozMDAwMDAwMDAwMDAsImRlbGV0ZSI6MzAwMDAwMDAwMDAwLCJ1cGRhdGUiOjMwMDAwMDAwMDAwMH0sInNjaGVtYV92ZXJzaW9uIjoiMSJ9",
          "dependencies": [
            "module.test-vm.data.yandex_compute_image.my_image",
            "module.vpc.yandex_vpc_network.develop",
            "module.vpc.yandex_vpc_subnet.develop"
          ]
        }
      ]
    },
    {
      "module": "module.vpc",
      "mode": "managed",
      "type": "yandex_vpc_network",
      "name": "develop",
      "provider": "provider[\"registry.terraform.io/yandex-cloud/yandex\"]",
      "instances": [
        {
          "schema_version": 0,
          "attributes": {
            "created_at": "2023-09-11T16:11:37Z",
            "default_security_group_id": "",
            "description": "",
            "folder_id": "b1gs1llod3ucp43k3e79",
            "id": "enpbogjlnucn8k84ta0p",
            "labels": {},
            "name": "develop",
            "subnet_ids": [],
            "timeouts": null
          },
          "sensitive_attributes": [],
          "private": "eyJlMmJmYjczMC1lY2FhLTExZTYtOGY4OC0zNDM2M2JjN2M0YzAiOnsiY3JlYXRlIjo2MDAwMDAwMDAwMCwiZGVsZXRlIjo2MDAwMDAwMDAwMCwidXBkYXRlIjo2MDAwMDAwMDAwMH19"
        }
      ]
    },
    {
      "module": "module.vpc",
      "mode": "managed",
      "type": "yandex_vpc_subnet",
      "name": "develop",
      "provider": "provider[\"registry.terraform.io/yandex-cloud/yandex\"]",
      "instances": [
        {
          "index_key": 0,
          "schema_version": 0,
          "attributes": {
            "created_at": "2023-09-11T16:11:38Z",
            "description": "",
            "dhcp_options": [],
            "folder_id": "b1gs1llod3ucp43k3e79",
            "id": "e9b517miahgrcb2der5l",
            "labels": {},
            "name": "develop-ru-central1-b-ru-central1-a",
            "network_id": "enpbogjlnucn8k84ta0p",
            "route_table_id": "",
            "timeouts": null,
            "v4_cidr_blocks": [
              "10.0.1.0/24"
            ],
            "v6_cidr_blocks": [],
            "zone": "ru-central1-a"
          },
          "sensitive_attributes": [],
          "private": "eyJlMmJmYjczMC1lY2FhLTExZTYtOGY4OC0zNDM2M2JjN2M0YzAiOnsiY3JlYXRlIjoxODAwMDAwMDAwMDAsImRlbGV0ZSI6MTgwMDAwMDAwMDAwLCJ1cGRhdGUiOjE4MDAwMDAwMDAwMH19",
          "dependencies": [
            "module.vpc.yandex_vpc_network.develop"
          ]
        },
        {
          "index_key": 1,
          "schema_version": 0,
          "attributes": {
            "created_at": "2023-09-11T16:11:39Z",
            "description": "",
            "dhcp_options": [],
            "folder_id": "b1gs1llod3ucp43k3e79",
            "id": "e2l276s2rps8vfcuami1",
            "labels": {},
            "name": "develop-ru-central1-b-ru-central1-b",
            "network_id": "enpbogjlnucn8k84ta0p",
            "route_table_id": "",
            "timeouts": null,
            "v4_cidr_blocks": [
              "10.0.2.0/24"
            ],
            "v6_cidr_blocks": [],
            "zone": "ru-central1-b"
          },
          "sensitive_attributes": [],
          "private": "eyJlMmJmYjczMC1lY2FhLTExZTYtOGY4OC0zNDM2M2JjN2M0YzAiOnsiY3JlYXRlIjoxODAwMDAwMDAwMDAsImRlbGV0ZSI6MTgwMDAwMDAwMDAwLCJ1cGRhdGUiOjE4MDAwMDAwMDAwMH19",
          "dependencies": [
            "module.vpc.yandex_vpc_network.develop"
          ]
        },
        {
          "index_key": 2,
          "schema_version": 0,
          "attributes": {
            "created_at": "2023-09-11T16:11:40Z",
            "description": "",
            "dhcp_options": [],
            "folder_id": "b1gs1llod3ucp43k3e79",
            "id": "b0cki5vlp2rmh23ef3ml",
            "labels": {},
            "name": "develop-ru-central1-b-ru-central1-c",
            "network_id": "enpbogjlnucn8k84ta0p",
            "route_table_id": "",
            "timeouts": null,
            "v4_cidr_blocks": [
              "10.0.3.0/24"
            ],
            "v6_cidr_blocks": [],
            "zone": "ru-central1-c"
          },
          "sensitive_attributes": [],
          "private": "eyJlMmJmYjczMC1lY2FhLTExZTYtOGY4OC0zNDM2M2JjN2M0YzAiOnsiY3JlYXRlIjoxODAwMDAwMDAwMDAsImRlbGV0ZSI6MTgwMDAwMDAwMDAwLCJ1cGRhdGUiOjE4MDAwMDAwMDAwMH19",
          "dependencies": [
            "module.vpc.yandex_vpc_network.develop"
          ]
        }
      ]
    }
  ],
  "check_results": null
}
